// !$*UTF8*$!
{
	archiveVersion = 1;
	classes = {
	};
	objectVersion = 50;
	objects = {

/* Begin PBXBuildFile section */
		66BACBF84A2F05635034E016 /* Pods_test_testUITests.framework in Frameworks */ = {isa = PBXBuildFile; fileRef = 23D4E994152E4D9F465795D8 /* Pods_test_testUITests.framework */; };
		842D015574A826D8F5C9EF26 /* Pods_testTests.framework in Frameworks */ = {isa = PBXBuildFile; fileRef = 4B167A1341491B8C0CDF7BBD /* Pods_testTests.framework */; };
		855D58C78F05C6196FF77853 /* Pods_test.framework in Frameworks */ = {isa = PBXBuildFile; fileRef = AEB84A12A2A8FAE94CAEFE3D /* Pods_test.framework */; };
		A3F2799F2523B9FB0068EF74 /* AppDelegate.swift in Sources */ = {isa = PBXBuildFile; fileRef = A3F2799E2523B9FB0068EF74 /* AppDelegate.swift */; };
		A3F279A12523B9FB0068EF74 /* SceneDelegate.swift in Sources */ = {isa = PBXBuildFile; fileRef = A3F279A02523B9FB0068EF74 /* SceneDelegate.swift */; };
		A3F279A32523B9FB0068EF74 /* ViewController.swift in Sources */ = {isa = PBXBuildFile; fileRef = A3F279A22523B9FB0068EF74 /* ViewController.swift */; };
		A3F279A62523B9FB0068EF74 /* Main.storyboard in Resources */ = {isa = PBXBuildFile; fileRef = A3F279A42523B9FB0068EF74 /* Main.storyboard */; };
		A3F279A82523B9FC0068EF74 /* Assets.xcassets in Resources */ = {isa = PBXBuildFile; fileRef = A3F279A72523B9FC0068EF74 /* Assets.xcassets */; };
		A3F279AB2523B9FC0068EF74 /* LaunchScreen.storyboard in Resources */ = {isa = PBXBuildFile; fileRef = A3F279A92523B9FC0068EF74 /* LaunchScreen.storyboard */; };
		A3F279B62523B9FC0068EF74 /* testTests.swift in Sources */ = {isa = PBXBuildFile; fileRef = A3F279B52523B9FC0068EF74 /* testTests.swift */; };
		A3F279C12523B9FC0068EF74 /* testUITests.swift in Sources */ = {isa = PBXBuildFile; fileRef = A3F279C02523B9FC0068EF74 /* testUITests.swift */; };
/* End PBXBuildFile section */

/* Begin PBXContainerItemProxy section */
		A3F279B22523B9FC0068EF74 /* PBXContainerItemProxy */ = {
			isa = PBXContainerItemProxy;
			containerPortal = A3F279932523B9FB0068EF74 /* Project object */;
			proxyType = 1;
			remoteGlobalIDString = A3F2799A2523B9FB0068EF74;
			remoteInfo = test;
		};
		A3F279BD2523B9FC0068EF74 /* PBXContainerItemProxy */ = {
			isa = PBXContainerItemProxy;
			containerPortal = A3F279932523B9FB0068EF74 /* Project object */;
			proxyType = 1;
			remoteGlobalIDString = A3F2799A2523B9FB0068EF74;
			remoteInfo = test;
		};
/* End PBXContainerItemProxy section */

/* Begin PBXFileReference section */
		23D4E994152E4D9F465795D8 /* Pods_test_testUITests.framework */ = {isa = PBXFileReference; explicitFileType = wrapper.framework; includeInIndex = 0; path = Pods_test_testUITests.framework; sourceTree = BUILT_PRODUCTS_DIR; };
		4B167A1341491B8C0CDF7BBD /* Pods_testTests.framework */ = {isa = PBXFileReference; explicitFileType = wrapper.framework; includeInIndex = 0; path = Pods_testTests.framework; sourceTree = BUILT_PRODUCTS_DIR; };
		7DE480A8C17983245652E833 /* Pods-test-testUITests.release.xcconfig */ = {isa = PBXFileReference; includeInIndex = 1; lastKnownFileType = text.xcconfig; name = "Pods-test-testUITests.release.xcconfig"; path = "Target Support Files/Pods-test-testUITests/Pods-test-testUITests.release.xcconfig"; sourceTree = "<group>"; };
		A3F2799B2523B9FB0068EF74 /* test.app */ = {isa = PBXFileReference; explicitFileType = wrapper.application; includeInIndex = 0; path = test.app; sourceTree = BUILT_PRODUCTS_DIR; };
		A3F2799E2523B9FB0068EF74 /* AppDelegate.swift */ = {isa = PBXFileReference; lastKnownFileType = sourcecode.swift; path = AppDelegate.swift; sourceTree = "<group>"; };
		A3F279A02523B9FB0068EF74 /* SceneDelegate.swift */ = {isa = PBXFileReference; lastKnownFileType = sourcecode.swift; path = SceneDelegate.swift; sourceTree = "<group>"; };
		A3F279A22523B9FB0068EF74 /* ViewController.swift */ = {isa = PBXFileReference; lastKnownFileType = sourcecode.swift; path = ViewController.swift; sourceTree = "<group>"; };
		A3F279A52523B9FB0068EF74 /* Base */ = {isa = PBXFileReference; lastKnownFileType = file.storyboard; name = Base; path = Base.lproj/Main.storyboard; sourceTree = "<group>"; };
		A3F279A72523B9FC0068EF74 /* Assets.xcassets */ = {isa = PBXFileReference; lastKnownFileType = folder.assetcatalog; path = Assets.xcassets; sourceTree = "<group>"; };
		A3F279AA2523B9FC0068EF74 /* Base */ = {isa = PBXFileReference; lastKnownFileType = file.storyboard; name = Base; path = Base.lproj/LaunchScreen.storyboard; sourceTree = "<group>"; };
		A3F279AC2523B9FC0068EF74 /* Info.plist */ = {isa = PBXFileReference; lastKnownFileType = text.plist.xml; path = Info.plist; sourceTree = "<group>"; };
		A3F279B12523B9FC0068EF74 /* testTests.xctest */ = {isa = PBXFileReference; explicitFileType = wrapper.cfbundle; includeInIndex = 0; path = testTests.xctest; sourceTree = BUILT_PRODUCTS_DIR; };
		A3F279B52523B9FC0068EF74 /* testTests.swift */ = {isa = PBXFileReference; lastKnownFileType = sourcecode.swift; path = testTests.swift; sourceTree = "<group>"; };
		A3F279B72523B9FC0068EF74 /* Info.plist */ = {isa = PBXFileReference; lastKnownFileType = text.plist.xml; path = Info.plist; sourceTree = "<group>"; };
		A3F279BC2523B9FC0068EF74 /* testUITests.xctest */ = {isa = PBXFileReference; explicitFileType = wrapper.cfbundle; includeInIndex = 0; path = testUITests.xctest; sourceTree = BUILT_PRODUCTS_DIR; };
		A3F279C02523B9FC0068EF74 /* testUITests.swift */ = {isa = PBXFileReference; lastKnownFileType = sourcecode.swift; path = testUITests.swift; sourceTree = "<group>"; };
		A3F279C22523B9FC0068EF74 /* Info.plist */ = {isa = PBXFileReference; lastKnownFileType = text.plist.xml; path = Info.plist; sourceTree = "<group>"; };
		AEB84A12A2A8FAE94CAEFE3D /* Pods_test.framework */ = {isa = PBXFileReference; explicitFileType = wrapper.framework; includeInIndex = 0; path = Pods_test.framework; sourceTree = BUILT_PRODUCTS_DIR; };
		B00D2131CF548D36EFE4F6EE /* Pods-test-testUITests.debug.xcconfig */ = {isa = PBXFileReference; includeInIndex = 1; lastKnownFileType = text.xcconfig; name = "Pods-test-testUITests.debug.xcconfig"; path = "Target Support Files/Pods-test-testUITests/Pods-test-testUITests.debug.xcconfig"; sourceTree = "<group>"; };
		B6213C2AC76E23ED0E65769D /* Pods-test.debug.xcconfig */ = {isa = PBXFileReference; includeInIndex = 1; lastKnownFileType = text.xcconfig; name = "Pods-test.debug.xcconfig"; path = "Target Support Files/Pods-test/Pods-test.debug.xcconfig"; sourceTree = "<group>"; };
		C3B37080EE9D4FD1B86E191D /* Pods-test.release.xcconfig */ = {isa = PBXFileReference; includeInIndex = 1; lastKnownFileType = text.xcconfig; name = "Pods-test.release.xcconfig"; path = "Target Support Files/Pods-test/Pods-test.release.xcconfig"; sourceTree = "<group>"; };
		E9EFFD0BC9CD6FF3D4F0780E /* Pods-testTests.debug.xcconfig */ = {isa = PBXFileReference; includeInIndex = 1; lastKnownFileType = text.xcconfig; name = "Pods-testTests.debug.xcconfig"; path = "Target Support Files/Pods-testTests/Pods-testTests.debug.xcconfig"; sourceTree = "<group>"; };
		FC77271F970EE9450C092630 /* Pods-testTests.release.xcconfig */ = {isa = PBXFileReference; includeInIndex = 1; lastKnownFileType = text.xcconfig; name = "Pods-testTests.release.xcconfig"; path = "Target Support Files/Pods-testTests/Pods-testTests.release.xcconfig"; sourceTree = "<group>"; };
/* End PBXFileReference section */

/* Begin PBXFrameworksBuildPhase section */
		A3F279982523B9FB0068EF74 /* Frameworks */ = {
			isa = PBXFrameworksBuildPhase;
			buildActionMask = 2147483647;
			files = (
				855D58C78F05C6196FF77853 /* Pods_test.framework in Frameworks */,
			);
			runOnlyForDeploymentPostprocessing = 0;
		};
		A3F279AE2523B9FC0068EF74 /* Frameworks */ = {
			isa = PBXFrameworksBuildPhase;
			buildActionMask = 2147483647;
			files = (
				842D015574A826D8F5C9EF26 /* Pods_testTests.framework in Frameworks */,
			);
			runOnlyForDeploymentPostprocessing = 0;
		};
		A3F279B92523B9FC0068EF74 /* Frameworks */ = {
			isa = PBXFrameworksBuildPhase;
			buildActionMask = 2147483647;
			files = (
				66BACBF84A2F05635034E016 /* Pods_test_testUITests.framework in Frameworks */,
			);
			runOnlyForDeploymentPostprocessing = 0;
		};
/* End PBXFrameworksBuildPhase section */

/* Begin PBXGroup section */
		A3F279922523B9FB0068EF74 = {
			isa = PBXGroup;
			children = (
				A3F2799D2523B9FB0068EF74 /* test */,
				A3F279B42523B9FC0068EF74 /* testTests */,
				A3F279BF2523B9FC0068EF74 /* testUITests */,
				A3F2799C2523B9FB0068EF74 /* Products */,
				E04BDCFEFABC689015A781C3 /* Pods */,
				C0C17FA492BE0D241109198D /* Frameworks */,
			);
			sourceTree = "<group>";
		};
		A3F2799C2523B9FB0068EF74 /* Products */ = {
			isa = PBXGroup;
			children = (
				A3F2799B2523B9FB0068EF74 /* test.app */,
				A3F279B12523B9FC0068EF74 /* testTests.xctest */,
				A3F279BC2523B9FC0068EF74 /* testUITests.xctest */,
			);
			name = Products;
			sourceTree = "<group>";
		};
		A3F2799D2523B9FB0068EF74 /* test */ = {
			isa = PBXGroup;
			children = (
				A3F2799E2523B9FB0068EF74 /* AppDelegate.swift */,
				A3F279A02523B9FB0068EF74 /* SceneDelegate.swift */,
				A3F279A22523B9FB0068EF74 /* ViewController.swift */,
				A3F279A42523B9FB0068EF74 /* Main.storyboard */,
				A3F279A72523B9FC0068EF74 /* Assets.xcassets */,
				A3F279A92523B9FC0068EF74 /* LaunchScreen.storyboard */,
				A3F279AC2523B9FC0068EF74 /* Info.plist */,
			);
			path = test;
			sourceTree = "<group>";
		};
		A3F279B42523B9FC0068EF74 /* testTests */ = {
			isa = PBXGroup;
			children = (
				A3F279B52523B9FC0068EF74 /* testTests.swift */,
				A3F279B72523B9FC0068EF74 /* Info.plist */,
			);
			path = testTests;
			sourceTree = "<group>";
		};
		A3F279BF2523B9FC0068EF74 /* testUITests */ = {
			isa = PBXGroup;
			children = (
				A3F279C02523B9FC0068EF74 /* testUITests.swift */,
				A3F279C22523B9FC0068EF74 /* Info.plist */,
			);
			path = testUITests;
			sourceTree = "<group>";
		};
		C0C17FA492BE0D241109198D /* Frameworks */ = {
			isa = PBXGroup;
			children = (
				AEB84A12A2A8FAE94CAEFE3D /* Pods_test.framework */,
				23D4E994152E4D9F465795D8 /* Pods_test_testUITests.framework */,
				4B167A1341491B8C0CDF7BBD /* Pods_testTests.framework */,
			);
			name = Frameworks;
			sourceTree = "<group>";
		};
		E04BDCFEFABC689015A781C3 /* Pods */ = {
			isa = PBXGroup;
			children = (
				B6213C2AC76E23ED0E65769D /* Pods-test.debug.xcconfig */,
				C3B37080EE9D4FD1B86E191D /* Pods-test.release.xcconfig */,
				B00D2131CF548D36EFE4F6EE /* Pods-test-testUITests.debug.xcconfig */,
				7DE480A8C17983245652E833 /* Pods-test-testUITests.release.xcconfig */,
				E9EFFD0BC9CD6FF3D4F0780E /* Pods-testTests.debug.xcconfig */,
				FC77271F970EE9450C092630 /* Pods-testTests.release.xcconfig */,
			);
			name = Pods;
			path = Pods;
			sourceTree = "<group>";
		};
/* End PBXGroup section */

/* Begin PBXNativeTarget section */
		A3F2799A2523B9FB0068EF74 /* test */ = {
			isa = PBXNativeTarget;
			buildConfigurationList = A3F279C52523B9FC0068EF74 /* Build configuration list for PBXNativeTarget "test" */;
			buildPhases = (
				4C3CE26D5F549FCC6BAFB358 /* [CP] Check Pods Manifest.lock */,
				A3F279972523B9FB0068EF74 /* Sources */,
				A3F279982523B9FB0068EF74 /* Frameworks */,
				A3F279992523B9FB0068EF74 /* Resources */,
				729926C1231ECEF8F8C1F6A5 /* [CP] Embed Pods Frameworks */,
			);
			buildRules = (
			);
			dependencies = (
			);
			name = test;
			productName = test;
			productReference = A3F2799B2523B9FB0068EF74 /* test.app */;
			productType = "com.apple.product-type.application";
		};
		A3F279B02523B9FC0068EF74 /* testTests */ = {
			isa = PBXNativeTarget;
			buildConfigurationList = A3F279C82523B9FC0068EF74 /* Build configuration list for PBXNativeTarget "testTests" */;
			buildPhases = (
				2BC14BBFCF448C6A05D6BFCB /* [CP] Check Pods Manifest.lock */,
				A3F279AD2523B9FC0068EF74 /* Sources */,
				A3F279AE2523B9FC0068EF74 /* Frameworks */,
				A3F279AF2523B9FC0068EF74 /* Resources */,
			);
			buildRules = (
			);
			dependencies = (
				A3F279B32523B9FC0068EF74 /* PBXTargetDependency */,
			);
			name = testTests;
			productName = testTests;
			productReference = A3F279B12523B9FC0068EF74 /* testTests.xctest */;
			productType = "com.apple.product-type.bundle.unit-test";
		};
		A3F279BB2523B9FC0068EF74 /* testUITests */ = {
			isa = PBXNativeTarget;
			buildConfigurationList = A3F279CB2523B9FC0068EF74 /* Build configuration list for PBXNativeTarget "testUITests" */;
			buildPhases = (
				40508BDA336C852633BF844B /* [CP] Check Pods Manifest.lock */,
				A3F279B82523B9FC0068EF74 /* Sources */,
				A3F279B92523B9FC0068EF74 /* Frameworks */,
				A3F279BA2523B9FC0068EF74 /* Resources */,
				5EA7A96A2EDDD03C8F133D45 /* [CP] Embed Pods Frameworks */,
			);
			buildRules = (
			);
			dependencies = (
				A3F279BE2523B9FC0068EF74 /* PBXTargetDependency */,
			);
			name = testUITests;
			productName = testUITests;
			productReference = A3F279BC2523B9FC0068EF74 /* testUITests.xctest */;
			productType = "com.apple.product-type.bundle.ui-testing";
		};
/* End PBXNativeTarget section */

/* Begin PBXProject section */
		A3F279932523B9FB0068EF74 /* Project object */ = {
			isa = PBXProject;
			attributes = {
				LastSwiftUpdateCheck = 1200;
				LastUpgradeCheck = 1200;
				TargetAttributes = {
					A3F2799A2523B9FB0068EF74 = {
						CreatedOnToolsVersion = 12.0.1;
					};
					A3F279B02523B9FC0068EF74 = {
						CreatedOnToolsVersion = 12.0.1;
						TestTargetID = A3F2799A2523B9FB0068EF74;
					};
					A3F279BB2523B9FC0068EF74 = {
						CreatedOnToolsVersion = 12.0.1;
						TestTargetID = A3F2799A2523B9FB0068EF74;
					};
				};
			};
			buildConfigurationList = A3F279962523B9FB0068EF74 /* Build configuration list for PBXProject "test" */;
			compatibilityVersion = "Xcode 9.3";
			developmentRegion = en;
			hasScannedForEncodings = 0;
			knownRegions = (
				en,
				Base,
			);
			mainGroup = A3F279922523B9FB0068EF74;
			productRefGroup = A3F2799C2523B9FB0068EF74 /* Products */;
			projectDirPath = "";
			projectRoot = "";
			targets = (
				A3F2799A2523B9FB0068EF74 /* test */,
				A3F279B02523B9FC0068EF74 /* testTests */,
				A3F279BB2523B9FC0068EF74 /* testUITests */,
			);
		};
/* End PBXProject section */

/* Begin PBXResourcesBuildPhase section */
		A3F279992523B9FB0068EF74 /* Resources */ = {
			isa = PBXResourcesBuildPhase;
			buildActionMask = 2147483647;
			files = (
				A3F279AB2523B9FC0068EF74 /* LaunchScreen.storyboard in Resources */,
				A3F279A82523B9FC0068EF74 /* Assets.xcassets in Resources */,
				A3F279A62523B9FB0068EF74 /* Main.storyboard in Resources */,
			);
			runOnlyForDeploymentPostprocessing = 0;
		};
		A3F279AF2523B9FC0068EF74 /* Resources */ = {
			isa = PBXResourcesBuildPhase;
			buildActionMask = 2147483647;
			files = (
			);
			runOnlyForDeploymentPostprocessing = 0;
		};
		A3F279BA2523B9FC0068EF74 /* Resources */ = {
			isa = PBXResourcesBuildPhase;
			buildActionMask = 2147483647;
			files = (
			);
			runOnlyForDeploymentPostprocessing = 0;
		};
/* End PBXResourcesBuildPhase section */

/* Begin PBXShellScriptBuildPhase section */
		2BC14BBFCF448C6A05D6BFCB /* [CP] Check Pods Manifest.lock */ = {
			isa = PBXShellScriptBuildPhase;
			buildActionMask = 2147483647;
			files = (
			);
			inputFileListPaths = (
			);
			inputPaths = (
				"${PODS_PODFILE_DIR_PATH}/Podfile.lock",
				"${PODS_ROOT}/Manifest.lock",
			);
			name = "[CP] Check Pods Manifest.lock";
			outputFileListPaths = (
			);
			outputPaths = (
				"$(DERIVED_FILE_DIR)/Pods-testTests-checkManifestLockResult.txt",
			);
			runOnlyForDeploymentPostprocessing = 0;
			shellPath = /bin/sh;
			shellScript = "diff \"${PODS_PODFILE_DIR_PATH}/Podfile.lock\" \"${PODS_ROOT}/Manifest.lock\" > /dev/null\nif [ $? != 0 ] ; then\n    # print error to STDERR\n    echo \"error: The sandbox is not in sync with the Podfile.lock. Run 'pod install' or update your CocoaPods installation.\" >&2\n    exit 1\nfi\n# This output is used by Xcode 'outputs' to avoid re-running this script phase.\necho \"SUCCESS\" > \"${SCRIPT_OUTPUT_FILE_0}\"\n";
			showEnvVarsInLog = 0;
		};
		40508BDA336C852633BF844B /* [CP] Check Pods Manifest.lock */ = {
			isa = PBXShellScriptBuildPhase;
			buildActionMask = 2147483647;
			files = (
			);
			inputFileListPaths = (
			);
			inputPaths = (
				"${PODS_PODFILE_DIR_PATH}/Podfile.lock",
				"${PODS_ROOT}/Manifest.lock",
			);
			name = "[CP] Check Pods Manifest.lock";
			outputFileListPaths = (
			);
			outputPaths = (
				"$(DERIVED_FILE_DIR)/Pods-test-testUITests-checkManifestLockResult.txt",
			);
			runOnlyForDeploymentPostprocessing = 0;
			shellPath = /bin/sh;
			shellScript = "diff \"${PODS_PODFILE_DIR_PATH}/Podfile.lock\" \"${PODS_ROOT}/Manifest.lock\" > /dev/null\nif [ $? != 0 ] ; then\n    # print error to STDERR\n    echo \"error: The sandbox is not in sync with the Podfile.lock. Run 'pod install' or update your CocoaPods installation.\" >&2\n    exit 1\nfi\n# This output is used by Xcode 'outputs' to avoid re-running this script phase.\necho \"SUCCESS\" > \"${SCRIPT_OUTPUT_FILE_0}\"\n";
			showEnvVarsInLog = 0;
		};
		4C3CE26D5F549FCC6BAFB358 /* [CP] Check Pods Manifest.lock */ = {
			isa = PBXShellScriptBuildPhase;
			buildActionMask = 2147483647;
			files = (
			);
			inputFileListPaths = (
			);
			inputPaths = (
				"${PODS_PODFILE_DIR_PATH}/Podfile.lock",
				"${PODS_ROOT}/Manifest.lock",
			);
			name = "[CP] Check Pods Manifest.lock";
			outputFileListPaths = (
			);
			outputPaths = (
				"$(DERIVED_FILE_DIR)/Pods-test-checkManifestLockResult.txt",
			);
			runOnlyForDeploymentPostprocessing = 0;
			shellPath = /bin/sh;
			shellScript = "diff \"${PODS_PODFILE_DIR_PATH}/Podfile.lock\" \"${PODS_ROOT}/Manifest.lock\" > /dev/null\nif [ $? != 0 ] ; then\n    # print error to STDERR\n    echo \"error: The sandbox is not in sync with the Podfile.lock. Run 'pod install' or update your CocoaPods installation.\" >&2\n    exit 1\nfi\n# This output is used by Xcode 'outputs' to avoid re-running this script phase.\necho \"SUCCESS\" > \"${SCRIPT_OUTPUT_FILE_0}\"\n";
			showEnvVarsInLog = 0;
		};
		5EA7A96A2EDDD03C8F133D45 /* [CP] Embed Pods Frameworks */ = {
			isa = PBXShellScriptBuildPhase;
			buildActionMask = 2147483647;
			files = (
			);
			inputFileListPaths = (
				"${PODS_ROOT}/Target Support Files/Pods-test-testUITests/Pods-test-testUITests-frameworks-${CONFIGURATION}-input-files.xcfilelist",
			);
			name = "[CP] Embed Pods Frameworks";
			outputFileListPaths = (
				"${PODS_ROOT}/Target Support Files/Pods-test-testUITests/Pods-test-testUITests-frameworks-${CONFIGURATION}-output-files.xcfilelist",
			);
			runOnlyForDeploymentPostprocessing = 0;
			shellPath = /bin/sh;
			shellScript = "\"${PODS_ROOT}/Target Support Files/Pods-test-testUITests/Pods-test-testUITests-frameworks.sh\"\n";
			showEnvVarsInLog = 0;
		};
		729926C1231ECEF8F8C1F6A5 /* [CP] Embed Pods Frameworks */ = {
			isa = PBXShellScriptBuildPhase;
			buildActionMask = 2147483647;
			files = (
			);
			inputFileListPaths = (
				"${PODS_ROOT}/Target Support Files/Pods-test/Pods-test-frameworks-${CONFIGURATION}-input-files.xcfilelist",
			);
			name = "[CP] Embed Pods Frameworks";
			outputFileListPaths = (
				"${PODS_ROOT}/Target Support Files/Pods-test/Pods-test-frameworks-${CONFIGURATION}-output-files.xcfilelist",
			);
			runOnlyForDeploymentPostprocessing = 0;
			shellPath = /bin/sh;
			shellScript = "\"${PODS_ROOT}/Target Support Files/Pods-test/Pods-test-frameworks.sh\"\n";
			showEnvVarsInLog = 0;
		};
/* End PBXShellScriptBuildPhase section */

/* Begin PBXSourcesBuildPhase section */
		A3F279972523B9FB0068EF74 /* Sources */ = {
			isa = PBXSourcesBuildPhase;
			buildActionMask = 2147483647;
			files = (
				A3F279A32523B9FB0068EF74 /* ViewController.swift in Sources */,
				A3F2799F2523B9FB0068EF74 /* AppDelegate.swift in Sources */,
				A3F279A12523B9FB0068EF74 /* SceneDelegate.swift in Sources */,
			);
			runOnlyForDeploymentPostprocessing = 0;
		};
		A3F279AD2523B9FC0068EF74 /* Sources */ = {
			isa = PBXSourcesBuildPhase;
			buildActionMask = 2147483647;
			files = (
				A3F279B62523B9FC0068EF74 /* testTests.swift in Sources */,
			);
			runOnlyForDeploymentPostprocessing = 0;
		};
		A3F279B82523B9FC0068EF74 /* Sources */ = {
			isa = PBXSourcesBuildPhase;
			buildActionMask = 2147483647;
			files = (
				A3F279C12523B9FC0068EF74 /* testUITests.swift in Sources */,
			);
			runOnlyForDeploymentPostprocessing = 0;
		};
/* End PBXSourcesBuildPhase section */

/* Begin PBXTargetDependency section */
		A3F279B32523B9FC0068EF74 /* PBXTargetDependency */ = {
			isa = PBXTargetDependency;
			target = A3F2799A2523B9FB0068EF74 /* test */;
			targetProxy = A3F279B22523B9FC0068EF74 /* PBXContainerItemProxy */;
		};
		A3F279BE2523B9FC0068EF74 /* PBXTargetDependency */ = {
			isa = PBXTargetDependency;
			target = A3F2799A2523B9FB0068EF74 /* test */;
			targetProxy = A3F279BD2523B9FC0068EF74 /* PBXContainerItemProxy */;
		};
/* End PBXTargetDependency section */

/* Begin PBXVariantGroup section */
		A3F279A42523B9FB0068EF74 /* Main.storyboard */ = {
			isa = PBXVariantGroup;
			children = (
				A3F279A52523B9FB0068EF74 /* Base */,
			);
			name = Main.storyboard;
			sourceTree = "<group>";
		};
		A3F279A92523B9FC0068EF74 /* LaunchScreen.storyboard */ = {
			isa = PBXVariantGroup;
			children = (
				A3F279AA2523B9FC0068EF74 /* Base */,
			);
			name = LaunchScreen.storyboard;
			sourceTree = "<group>";
		};
/* End PBXVariantGroup section */

/* Begin XCBuildConfiguration section */
		A3F279C32523B9FC0068EF74 /* Debug */ = {
			isa = XCBuildConfiguration;
			buildSettings = {
				ALWAYS_SEARCH_USER_PATHS = NO;
				CLANG_ANALYZER_NONNULL = YES;
				CLANG_ANALYZER_NUMBER_OBJECT_CONVERSION = YES_AGGRESSIVE;
				CLANG_CXX_LANGUAGE_STANDARD = "gnu++14";
				CLANG_CXX_LIBRARY = "libc++";
				CLANG_ENABLE_MODULES = YES;
				CLANG_ENABLE_OBJC_ARC = YES;
				CLANG_ENABLE_OBJC_WEAK = YES;
				CLANG_WARN_BLOCK_CAPTURE_AUTORELEASING = YES;
				CLANG_WARN_BOOL_CONVERSION = YES;
				CLANG_WARN_COMMA = YES;
				CLANG_WARN_CONSTANT_CONVERSION = YES;
				CLANG_WARN_DEPRECATED_OBJC_IMPLEMENTATIONS = YES;
				CLANG_WARN_DIRECT_OBJC_ISA_USAGE = YES_ERROR;
				CLANG_WARN_DOCUMENTATION_COMMENTS = YES;
				CLANG_WARN_EMPTY_BODY = YES;
				CLANG_WARN_ENUM_CONVERSION = YES;
				CLANG_WARN_INFINITE_RECURSION = YES;
				CLANG_WARN_INT_CONVERSION = YES;
				CLANG_WARN_NON_LITERAL_NULL_CONVERSION = YES;
				CLANG_WARN_OBJC_IMPLICIT_RETAIN_SELF = YES;
				CLANG_WARN_OBJC_LITERAL_CONVERSION = YES;
				CLANG_WARN_OBJC_ROOT_CLASS = YES_ERROR;
				CLANG_WARN_QUOTED_INCLUDE_IN_FRAMEWORK_HEADER = YES;
				CLANG_WARN_RANGE_LOOP_ANALYSIS = YES;
				CLANG_WARN_STRICT_PROTOTYPES = YES;
				CLANG_WARN_SUSPICIOUS_MOVE = YES;
				CLANG_WARN_UNGUARDED_AVAILABILITY = YES_AGGRESSIVE;
				CLANG_WARN_UNREACHABLE_CODE = YES;
				CLANG_WARN__DUPLICATE_METHOD_MATCH = YES;
				COPY_PHASE_STRIP = NO;
				DEBUG_INFORMATION_FORMAT = dwarf;
				ENABLE_STRICT_OBJC_MSGSEND = YES;
				ENABLE_TESTABILITY = YES;
				GCC_C_LANGUAGE_STANDARD = gnu11;
				GCC_DYNAMIC_NO_PIC = NO;
				GCC_NO_COMMON_BLOCKS = YES;
				GCC_OPTIMIZATION_LEVEL = 0;
				GCC_PREPROCESSOR_DEFINITIONS = (
					"DEBUG=1",
					"$(inherited)",
				);
				GCC_WARN_64_TO_32_BIT_CONVERSION = YES;
				GCC_WARN_ABOUT_RETURN_TYPE = YES_ERROR;
				GCC_WARN_UNDECLARED_SELECTOR = YES;
				GCC_WARN_UNINITIALIZED_AUTOS = YES_AGGRESSIVE;
				GCC_WARN_UNUSED_FUNCTION = YES;
				GCC_WARN_UNUSED_VARIABLE = YES;
				IPHONEOS_DEPLOYMENT_TARGET = 14.0;
				MTL_ENABLE_DEBUG_INFO = INCLUDE_SOURCE;
				MTL_FAST_MATH = YES;
				ONLY_ACTIVE_ARCH = YES;
				SDKROOT = iphoneos;
				SWIFT_ACTIVE_COMPILATION_CONDITIONS = DEBUG;
				SWIFT_OPTIMIZATION_LEVEL = "-Onone";
			};
			name = Debug;
		};
		A3F279C42523B9FC0068EF74 /* Release */ = {
			isa = XCBuildConfiguration;
			buildSettings = {
				ALWAYS_SEARCH_USER_PATHS = NO;
				CLANG_ANALYZER_NONNULL = YES;
				CLANG_ANALYZER_NUMBER_OBJECT_CONVERSION = YES_AGGRESSIVE;
				CLANG_CXX_LANGUAGE_STANDARD = "gnu++14";
				CLANG_CXX_LIBRARY = "libc++";
				CLANG_ENABLE_MODULES = YES;
				CLANG_ENABLE_OBJC_ARC = YES;
				CLANG_ENABLE_OBJC_WEAK = YES;
				CLANG_WARN_BLOCK_CAPTURE_AUTORELEASING = YES;
				CLANG_WARN_BOOL_CONVERSION = YES;
				CLANG_WARN_COMMA = YES;
				CLANG_WARN_CONSTANT_CONVERSION = YES;
				CLANG_WARN_DEPRECATED_OBJC_IMPLEMENTATIONS = YES;
				CLANG_WARN_DIRECT_OBJC_ISA_USAGE = YES_ERROR;
				CLANG_WARN_DOCUMENTATION_COMMENTS = YES;
				CLANG_WARN_EMPTY_BODY = YES;
				CLANG_WARN_ENUM_CONVERSION = YES;
				CLANG_WARN_INFINITE_RECURSION = YES;
				CLANG_WARN_INT_CONVERSION = YES;
				CLANG_WARN_NON_LITERAL_NULL_CONVERSION = YES;
				CLANG_WARN_OBJC_IMPLICIT_RETAIN_SELF = YES;
				CLANG_WARN_OBJC_LITERAL_CONVERSION = YES;
				CLANG_WARN_OBJC_ROOT_CLASS = YES_ERROR;
				CLANG_WARN_QUOTED_INCLUDE_IN_FRAMEWORK_HEADER = YES;
				CLANG_WARN_RANGE_LOOP_ANALYSIS = YES;
				CLANG_WARN_STRICT_PROTOTYPES = YES;
				CLANG_WARN_SUSPICIOUS_MOVE = YES;
				CLANG_WARN_UNGUARDED_AVAILABILITY = YES_AGGRESSIVE;
				CLANG_WARN_UNREACHABLE_CODE = YES;
				CLANG_WARN__DUPLICATE_METHOD_MATCH = YES;
				COPY_PHASE_STRIP = NO;
				DEBUG_INFORMATION_FORMAT = "dwarf-with-dsym";
				ENABLE_NS_ASSERTIONS = NO;
				ENABLE_STRICT_OBJC_MSGSEND = YES;
				GCC_C_LANGUAGE_STANDARD = gnu11;
				GCC_NO_COMMON_BLOCKS = YES;
				GCC_WARN_64_TO_32_BIT_CONVERSION = YES;
				GCC_WARN_ABOUT_RETURN_TYPE = YES_ERROR;
				GCC_WARN_UNDECLARED_SELECTOR = YES;
				GCC_WARN_UNINITIALIZED_AUTOS = YES_AGGRESSIVE;
				GCC_WARN_UNUSED_FUNCTION = YES;
				GCC_WARN_UNUSED_VARIABLE = YES;
				IPHONEOS_DEPLOYMENT_TARGET = 14.0;
				MTL_ENABLE_DEBUG_INFO = NO;
				MTL_FAST_MATH = YES;
				SDKROOT = iphoneos;
				SWIFT_COMPILATION_MODE = wholemodule;
				SWIFT_OPTIMIZATION_LEVEL = "-O";
				VALIDATE_PRODUCT = YES;
			};
			name = Release;
		};
		A3F279C62523B9FC0068EF74 /* Debug */ = {
			isa = XCBuildConfiguration;
			baseConfigurationReference = B6213C2AC76E23ED0E65769D /* Pods-test.debug.xcconfig */;
			buildSettings = {
				ASSETCATALOG_COMPILER_APPICON_NAME = AppIcon;
				ASSETCATALOG_COMPILER_GLOBAL_ACCENT_COLOR_NAME = AccentColor;
				CODE_SIGN_STYLE = Automatic;
				DEVELOPMENT_TEAM = C9U9K449GZ;
				INFOPLIST_FILE = test/Info.plist;
				LD_RUNPATH_SEARCH_PATHS = (
					"$(inherited)",
					"@executable_path/Frameworks",
				);
				PRODUCT_BUNDLE_IDENTIFIER = yifan.com;
				PRODUCT_NAME = "$(TARGET_NAME)";
				SWIFT_VERSION = 5.0;
				TARGETED_DEVICE_FAMILY = "1,2";
			};
			name = Debug;
		};
		A3F279C72523B9FC0068EF74 /* Release */ = {
			isa = XCBuildConfiguration;
			baseConfigurationReference = C3B37080EE9D4FD1B86E191D /* Pods-test.release.xcconfig */;
			buildSettings = {
				ASSETCATALOG_COMPILER_APPICON_NAME = AppIcon;
				ASSETCATALOG_COMPILER_GLOBAL_ACCENT_COLOR_NAME = AccentColor;
				CODE_SIGN_STYLE = Automatic;
				DEVELOPMENT_TEAM = C9U9K449GZ;
				INFOPLIST_FILE = test/Info.plist;
				LD_RUNPATH_SEARCH_PATHS = (
					"$(inherited)",
					"@executable_path/Frameworks",
				);
				PRODUCT_BUNDLE_IDENTIFIER = yifan.com;
				PRODUCT_NAME = "$(TARGET_NAME)";
				SWIFT_VERSION = 5.0;
				TARGETED_DEVICE_FAMILY = "1,2";
			};
			name = Release;
		};
		A3F279C92523B9FC0068EF74 /* Debug */ = {
			isa = XCBuildConfiguration;
			baseConfigurationReference = E9EFFD0BC9CD6FF3D4F0780E /* Pods-testTests.debug.xcconfig */;
			buildSettings = {
				ALWAYS_EMBED_SWIFT_STANDARD_LIBRARIES = YES;
				BUNDLE_LOADER = "$(TEST_HOST)";
				CODE_SIGN_STYLE = Automatic;
				DEVELOPMENT_TEAM = C9U9K449GZ;
				INFOPLIST_FILE = testTests/Info.plist;
				IPHONEOS_DEPLOYMENT_TARGET = 14.0;
				LD_RUNPATH_SEARCH_PATHS = (
					"$(inherited)",
					"@executable_path/Frameworks",
					"@loader_path/Frameworks",
				);
				PRODUCT_BUNDLE_IDENTIFIER = test.testTests;
				PRODUCT_NAME = "$(TARGET_NAME)";
				SWIFT_VERSION = 5.0;
				TARGETED_DEVICE_FAMILY = "1,2";
				TEST_HOST = "$(BUILT_PRODUCTS_DIR)/test.app/test";
			};
			name = Debug;
		};
		A3F279CA2523B9FC0068EF74 /* Release */ = {
			isa = XCBuildConfiguration;
			baseConfigurationReference = FC77271F970EE9450C092630 /* Pods-testTests.release.xcconfig */;
			buildSettings = {
				ALWAYS_EMBED_SWIFT_STANDARD_LIBRARIES = YES;
				BUNDLE_LOADER = "$(TEST_HOST)";
				CODE_SIGN_STYLE = Automatic;
				DEVELOPMENT_TEAM = C9U9K449GZ;
				INFOPLIST_FILE = testTests/Info.plist;
				IPHONEOS_DEPLOYMENT_TARGET = 14.0;
				LD_RUNPATH_SEARCH_PATHS = (
					"$(inherited)",
					"@executable_path/Frameworks",
					"@loader_path/Frameworks",
				);
				PRODUCT_BUNDLE_IDENTIFIER = test.testTests;
				PRODUCT_NAME = "$(TARGET_NAME)";
				SWIFT_VERSION = 5.0;
				TARGETED_DEVICE_FAMILY = "1,2";
				TEST_HOST = "$(BUILT_PRODUCTS_DIR)/test.app/test";
			};
			name = Release;
		};
		A3F279CC2523B9FC0068EF74 /* Debug */ = {
			isa = XCBuildConfiguration;
			baseConfigurationReference = B00D2131CF548D36EFE4F6EE /* Pods-test-testUITests.debug.xcconfig */;
			buildSettings = {
				ALWAYS_EMBED_SWIFT_STANDARD_LIBRARIES = YES;
				CODE_SIGN_STYLE = Automatic;
				DEVELOPMENT_TEAM = C9U9K449GZ;
				INFOPLIST_FILE = testUITests/Info.plist;
				LD_RUNPATH_SEARCH_PATHS = (
					"$(inherited)",
					"@executable_path/Frameworks",
					"@loader_path/Frameworks",
				);
				PRODUCT_BUNDLE_IDENTIFIER = test.testUITests;
				PRODUCT_NAME = "$(TARGET_NAME)";
				SWIFT_VERSION = 5.0;
				TARGETED_DEVICE_FAMILY = "1,2";
				TEST_TARGET_NAME = test;
			};
			name = Debug;
		};
		A3F279CD2523B9FC0068EF74 /* Release */ = {
			isa = XCBuildConfiguration;
			baseConfigurationReference = 7DE480A8C17983245652E833 /* Pods-test-testUITests.release.xcconfig */;
			buildSettings = {
				ALWAYS_EMBED_SWIFT_STANDARD_LIBRARIES = YES;
				CODE_SIGN_STYLE = Automatic;
				DEVELOPMENT_TEAM = C9U9K449GZ;
				INFOPLIST_FILE = testUITests/Info.plist;
				LD_RUNPATH_SEARCH_PATHS = (
					"$(inherited)",
					"@executable_path/Frameworks",
					"@loader_path/Frameworks",
				);
				PRODUCT_BUNDLE_IDENTIFIER = test.testUITests;
				PRODUCT_NAME = "$(TARGET_NAME)";
				SWIFT_VERSION = 5.0;
				TARGETED_DEVICE_FAMILY = "1,2";
				TEST_TARGET_NAME = test;
			};
			name = Release;
		};
/* End XCBuildConfiguration section */

/* Begin XCConfigurationList section */
		A3F279962523B9FB0068EF74 /* Build configuration list for PBXProject "test" */ = {
			isa = XCConfigurationList;
			buildConfigurations = (
				A3F279C32523B9FC0068EF74 /* Debug */,
				A3F279C42523B9FC0068EF74 /* Release */,
			);
			defaultConfigurationIsVisible = 0;
			defaultConfigurationName = Release;
		};
		A3F279C52523B9FC0068EF74 /* Build configuration list for PBXNativeTarget "test" */ = {
			isa = XCConfigurationList;
			buildConfigurations = (
				A3F279C62523B9FC0068EF74 /* Debug */,
				A3F279C72523B9FC0068EF74 /* Release */,
			);
			defaultConfigurationIsVisible = 0;
			defaultConfigurationName = Release;
		};
		A3F279C82523B9FC0068EF74 /* Build configuration list for PBXNativeTarget "testTests" */ = {
			isa = XCConfigurationList;
			buildConfigurations = (
				A3F279C92523B9FC0068EF74 /* Debug */,
				A3F279CA2523B9FC0068EF74 /* Release */,
			);
			defaultConfigurationIsVisible = 0;
			defaultConfigurationName = Release;
		};
		A3F279CB2523B9FC0068EF74 /* Build configuration list for PBXNativeTarget "testUITests" */ = {
			isa = XCConfigurationList;
			buildConfigurations = (
				A3F279CC2523B9FC0068EF74 /* Debug */,
				A3F279CD2523B9FC0068EF74 /* Release */,
			);
			defaultConfigurationIsVisible = 0;
			defaultConfigurationName = Release;
		};
/* End XCConfigurationList section */
	};
	rootObject = A3F279932523B9FB0068EF74 /* Project object */;
}
